
Microsoft Visual Studio Solution File, Format Version 12.00
# Visual Studio 2013
VisualStudioVersion = 12.0.30723.0
MinimumVisualStudioVersion = 10.0.40219.1
Project("{FAE04EC0-301F-11D3-BF4B-00C04F79EFBC}") = "Exempel1", "Exempel1\Exempel1.csproj", "{7779B9EF-D2D1-493F-B1EE-5A8402C3EABA}"
EndProject
Global
	GlobalSection(SolutionConfigurationPlatforms) = preSolution
		Debug|Any CPU = Debug|Any CPU
		Release|Any CPU = Release|Any CPU
	EndGlobalSection
	GlobalSection(ProjectConfigurationPlatforms) = postSolution
		{7779B9EF-D2D1-493F-B1EE-5A8402C3EABA}.Debug|Any CPU.ActiveCfg = Debug|Any CPU
		{7779B9EF-D2D1-493F-B1EE-5A8402C3EABA}.Debug|Any CPU.Build.0 = Debug|Any CPU
		{7779B9EF-D2D1-493F-B1EE-5A8402C3EABA}.Release|Any CPU.ActiveCfg = Release|Any CPU
		{7779B9EF-D2D1-493F-B1EE-5A8402C3EABA}.Release|Any CPU.Build.0 = Release|Any CPU
	EndGlobalSection
	GlobalSection(SolutionProperties) = preSolution
		HideSolutionNode = FALSE
	EndGlobalSection
EndGlobal
